
Microsoft Visual Studio Solution File, Format Version 12.00
# Visual Studio Version 17
VisualStudioVersion = 17.5.33530.505
MinimumVisualStudioVersion = 10.0.40219.1
Project("{FAE04EC0-301F-11D3-BF4B-00C04F79EFBC}") = "ShoppingApp", "ShoppingApp.csproj", "{C3AE7161-580F-4CCC-B587-461795D54041}"
EndProject
Global
	GlobalSection(SolutionConfigurationPlatforms) = preSolution
		Debug|Any CPU = Debug|Any CPU
		Release|Any CPU = Release|Any CPU
	EndGlobalSection
	GlobalSection(ProjectConfigurationPlatforms) = postSolution
		{C3AE7161-580F-4CCC-B587-461795D54041}.Debug|Any CPU.ActiveCfg = Debug|Any CPU
		{C3AE7161-580F-4CCC-B587-461795D54041}.Debug|Any CPU.Build.0 = Debug|Any CPU
		{C3AE7161-580F-4CCC-B587-461795D54041}.Release|Any CPU.ActiveCfg = Release|Any CPU
		{C3AE7161-580F-4CCC-B587-461795D54041}.Release|Any CPU.Build.0 = Release|Any CPU
	EndGlobalSection
	GlobalSection(SolutionProperties) = preSolution
		HideSolutionNode = FALSE
	EndGlobalSection
	GlobalSection(ExtensibilityGlobals) = postSolution
		SolutionGuid = {C188D48A-AA12-4850-8C5A-A29CF4C9C74E}
	EndGlobalSection
EndGlobal
